
Microsoft Visual Studio Solution File, Format Version 12.00
# Visual Studio 15
VisualStudioVersion = 15.0.26430.13
MinimumVisualStudioVersion = 10.0.40219.1
Project("{FAE04EC0-301F-11D3-BF4B-00C04F79EFBC}") = "Zip4Unity", "Zip4Unity\Zip4Unity.csproj", "{4FC7DBA1-F62A-4BD2-89CB-3DB9C76682D6}"
EndProject
Project("{FAE04EC0-301F-11D3-BF4B-00C04F79EFBC}") = "Zip4Unity.Test", "Zip4Unity.Test\Zip4Unity.Test.csproj", "{79541277-16BF-46A7-866B-FF4FEF2CE3C9}"
EndProject
Global
	GlobalSection(SolutionConfigurationPlatforms) = preSolution
		Debug|Any CPU = Debug|Any CPU
		Release|Any CPU = Release|Any CPU
	EndGlobalSection
	GlobalSection(ProjectConfigurationPlatforms) = postSolution
		{4FC7DBA1-F62A-4BD2-89CB-3DB9C76682D6}.Debug|Any CPU.ActiveCfg = Debug|Any CPU
		{4FC7DBA1-F62A-4BD2-89CB-3DB9C76682D6}.Debug|Any CPU.Build.0 = Debug|Any CPU
		{4FC7DBA1-F62A-4BD2-89CB-3DB9C76682D6}.Release|Any CPU.ActiveCfg = Release|Any CPU
		{4FC7DBA1-F62A-4BD2-89CB-3DB9C76682D6}.Release|Any CPU.Build.0 = Release|Any CPU
		{79541277-16BF-46A7-866B-FF4FEF2CE3C9}.Debug|Any CPU.ActiveCfg = Debug|Any CPU
		{79541277-16BF-46A7-866B-FF4FEF2CE3C9}.Debug|Any CPU.Build.0 = Debug|Any CPU
		{79541277-16BF-46A7-866B-FF4FEF2CE3C9}.Release|Any CPU.ActiveCfg = Release|Any CPU
		{79541277-16BF-46A7-866B-FF4FEF2CE3C9}.Release|Any CPU.Build.0 = Release|Any CPU
	EndGlobalSection
	GlobalSection(SolutionProperties) = preSolution
		HideSolutionNode = FALSE
	EndGlobalSection
EndGlobal
